version: "4.2"
blueprint_version: "4.2.0"
locked: true
last_updated: "2025-10-07T00:00:00Z"
maintainer: "edubrainboost"
classification: "INTERNAL - Registry Lock"

lock_status:
  structure_locked: true
  compliance_aware: true
  safe_fix_enforced: true
  root_24_enforced: true

blueprint_hashes:
  master_definition: "ssid_master_definition_corrected_v1.1.1.md"
  level3_part1: "SSID_structure_level3_part1_MAX.md"
  level3_part2: "SSID_structure_level3_part2_MAX.md"
  level3_part3: "SSID_structure_level3_part3_MAX.md"

compliance_evidence:
  version: "2025-Q4"
  last_audit: "2025-10-07"
  next_review: "2025-12-15"

  frameworks:
    gdpr:
      mapping_path: "23_compliance/mappings/gdpr_mapping.yaml"
      checksum: "sha256:1edcc508d227c18478a359f485c3fe54a0e94532bd7a180ae774eb6ff5572b29"
      coverage: "95%"
      controls_implemented: 11
      last_updated: "2025-10-07"
      regulatory_basis: "EU 2016/679"

    dora:
      mapping_path: "23_compliance/mappings/dora_mapping.yaml"
      checksum: "sha256:8b57a13328463640fe55e60b95984ea646de14b31063a0efff9a7e2fbe4984f9"
      coverage: "92%"
      controls_implemented: 10
      controls_planned: 1
      last_updated: "2025-10-07"
      regulatory_basis: "EU 2022/2554"

    mica:
      mapping_path: "23_compliance/mappings/mica_mapping.yaml"
      checksum: "sha256:a63e6269101d886148598dc340b07c6d24d9a0d3bf07e38d5e676ceabb05466d"
      coverage: "88%"
      controls_implemented: 11
      controls_planned: 1
      last_updated: "2025-10-07"
      regulatory_basis: "EU 2023/1114"
      token_classification: "Utility Token"

    amld6:
      mapping_path: "23_compliance/mappings/amld6_mapping.yaml"
      checksum: "sha256:0089e376745f4c7ee162510645c41f276838214c2a3d51a7c9ed34c6ab9368e3"
      coverage: "94%"
      controls_implemented: 12
      last_updated: "2025-10-07"
      regulatory_basis: "EU 6th AMLD + AMLR"
      travel_rule: "IVMS101"

  review_framework:
    current_quarter: "2025-Q4"
    review_period: "2025-11-01 to 2025-12-15"
    status: "scheduled"

    templates:
      review_template: "23_compliance/reviews/2025-Q4/review_template.yaml"
      reviewer_checklist: "23_compliance/reviews/2025-Q4/reviewer_checklist.yaml"
      reviewer_assignments: "23_compliance/reviews/2025-Q4/reviewer_assignments.yaml"
      review_findings: "23_compliance/reviews/2025-Q4/review_findings.yaml"
      audit_findings: "23_compliance/reviews/2025-Q4/audit_findings.yaml"
      review_readme: "23_compliance/reviews/2025-Q4/README.md"

    reviewers:
      lead_auditor:
        did: "did:ssid:alpha123"
        name: "Lead Auditor – Alpha Identity GmbH"
        scope: ["GDPR", "DORA"]
      compliance_officer:
        did: "did:ssid:beta456"
        name: "Compliance Officer – Beta Trust AG"
        scope: ["MiCA", "AMLD6"]
      dao_delegate:
        did: "did:ssid:gamma789"
        name: "DAO Delegate – Gamma Secure Ltd."
        scope: ["AI_COMPLIANCE", "SECURITY"]
      system_maintainer:
        did: "did:ssid:delta111"
        name: "System Maintainer – Delta Risk S.A."
        scope: ["STRUCTURE", "OBSERVABILITY"]

    current_findings:
      total: 5
      by_severity:
        critical: 1
        high: 0
        medium: 2
        low: 2
      status: "in_review"
      compliance_score: 92

    next_external_review: "2026-03-15"
    review_frequency:
      internal_quarterly: "every 3 months"
      external_semiannual: "every 6 months"

  compliance_tests:
    integrity_test: "23_compliance/tests/test_compliance_integrity.py"
    mapping_integrity: "23_compliance/tests/test_mapping_integrity_realrefs.py"
    review_templates: "23_compliance/tests/test_review_templates.py"
    test_framework: "pytest"
    test_coverage: "100%"
    ci_integration: true

governance_docs:
  version: "2025-Q4"
  last_updated: "2025-10-07T12:45:00Z"
  files:
    maintainers: "23_compliance/governance/maintainers_enterprise.yaml"
    community_guidelines: "23_compliance/governance/community_guidelines_enterprise.md"
    audit_committee: "23_compliance/governance/audit_committee_policy.md"
  review_status: "approved"
  approved_by: ["did:ssid:maintainer001", "did:ssid:maintainer002", "did:ssid:maintainer003", "did:ssid:maintainer004"]
  approval_date: "2025-10-07"
  next_review: "2026-10-07"
  checksum: "sha256:TO_BE_FILLED_BY_CI"

legal_awareness:
  system_status: "legally_aware"
  compliance_framework: "EU Regulatory Package 2024/2025"
  jurisdictions_covered:
    - "EU/EEA Member States"
    - "United Kingdom"
    - "Switzerland"
    - "Liechtenstein"

  non_custodial_architecture:
    implemented: true
    hash_algorithm: "SHA3-256"
    pii_retention: "zero (hash-only)"
    gdpr_article_25: "privacy_by_design"
    mica_article_60: "non_custodial_compliant"

  audit_trail:
    worm_storage: "02_audit_logging/storage/worm/immutable_store/"
    blockchain_anchoring: "enabled"
    retention_period: "10_years_minimum"
    evidence_path: "23_compliance/evidence/"

structure_validation:
  root_modules: 24
  root_exceptions: "23_compliance/exceptions/root_level_exceptions.yaml"
  structure_guard: "12_tooling/scripts/structure_guard.sh"
  ci_gates: "24_meta_orchestration/triggers/ci/gates/structure_lock_l3.py"
  exit_code_violation: 24

modification_policy:
  approval_required:
    - "Senior Compliance Officer"
    - "Technical Lead"
    - "Legal Counsel (for compliance changes)"
  change_procedure:
    - "RFC submission"
    - "Multi-stakeholder review (5 business days)"
    - "Approval/rejection decision"
    - "If approved: Update locks + CI tests"
    - "Evidence logging in audit trail"

integration_points:
  sot_references:
    - "16_codex/structure/ssid_master_definition_corrected_v1.1.1.md"
    - "16_codex/structure/level3/SSID_structure_level3_part1_MAX.md"
    - "16_codex/structure/level3/SSID_structure_level3_part2_MAX.md"
    - "16_codex/structure/level3/SSID_structure_level3_part3_MAX.md"

  compliance_module: "23_compliance/"
  audit_module: "02_audit_logging/"
  governance_module: "07_governance_legal/"
  tooling_module: "12_tooling/"

consortium_status:
  enabled: true
  registry_path: "24_meta_orchestration/consortium/consortium_registry.yaml"
  consensus_policy: "24_meta_orchestration/consortium/consensus_policy.yaml"
  last_consensus: "2025-10-07T08:15:00Z"
  consensus_result:
    weight_sum: 13
    distinct_signers: 5
    status: "OK CONSENSUS ACHIEVED"
    signatures: 11
    timestamp: "2025-10-07T08:15:00Z"
  blueprint_42_ready: true
  quorum_validation: "BFT_compliant"

auto_policy_learning:
  enabled: true
  last_run: "2025-10-07T08:00:00Z"
  proposals_generated: 3
  high_confidence_proposals: 3
  avg_confidence: 0.80
  unapproved_high_risk: 0

health_status:
  framework_version: "4.2.0"
  last_run: "2025-10-07T11:51:32Z"
  total_services: 384
  failures: 0
  registry_path: "24_meta_orchestration/registry/locks/service_health_registry.yaml"
  audit_log_path: "02_audit_logging/logs/health_readiness_log.jsonl"
  status: "PASS"
  checks:
    port_checks: "enabled"
    http_checks: "enabled"
    registry_checks: "enabled"
  integration:
    ci_gate: "enabled"
    audit_logging: "enabled"
    test_suite: "11_test_simulation/health/test_readiness_health.py"

anti_gaming_status:
  policy_path: "23_compliance/policies/anti_gaming_policy.yaml"
  policy_version: "1.0.0"
  last_run: "2025-10-07T12:00:00Z"
  checks:
    circular_deps:
      status: "PASS"
      cycles: 0
      max_cycle_length: 4
    badge_integrity:
      status: "PASS"
      verified: 1
    overfitting:
      status: "PASS"
      gap:
        accuracy: 0.02
        f1: 0.01
    dependency_graph:
      status: "PASS"
      nodes: 5094
      edges: 4488
      graph_hash: "sha256:de090af0a0201d58"
    replay:
      status: "PASS"
      duplicates: 0
      window_minutes: 120
    time_skew:
      status: "PASS"
      max_skew_seconds: 42
      threshold: 300
    anomaly_rate:
      status: "PASS"
      offenders: 0
      limits:
        per_minute: 10
        per_5s: 5
  aggregate_status: "PASS"
  ci_integration: "enabled"
  test_suite: "11_test_simulation/anti_gaming/test_anti_gaming_suite.py"
  audit_logs:
    circular_deps: "02_audit_logging/logs/anti_gaming_circular_deps.jsonl"
    badge_integrity: "02_audit_logging/logs/anti_gaming_badge_integrity.jsonl"
    overfitting: "02_audit_logging/logs/anti_gaming_overfitting.jsonl"
    dependency_graph: "02_audit_logging/logs/anti_gaming_dependency_graph.jsonl"
    replay: "02_audit_logging/logs/anti_gaming_replay.jsonl"
    time_skew: "02_audit_logging/logs/anti_gaming_time_skew.jsonl"
    anomaly_rate: "02_audit_logging/logs/anti_gaming_anomaly_rate.jsonl"

narrative_sync:
  enabled: true
  last_sync: "2025-10-07T08:00:00Z"
  sync_id: "sync_20251007_115433"
  integrity_hash: "16ab66f972aa16f7838d2784b3ce5ac8b82603ee79a389b2621422397be843e8"
  frameworks_synced: ["gdpr", "dora", "mica", "amld6"]

snapshot_diff:
  enabled: true
  last_diff: "2025-10-07T08:00:00Z"
  snapshots_available: 5
  queries_supported: ["gdpr_article_changes", "module_impact_timeline"]
  semantic_analysis: "active"

onchain_proof:
  network: "polygon-mumbai"
  chain_id: 80001
  contract: "env:COMPLIANCE_VERIFIER_ADDR"
  last_emit:
    status: "PENDING"
    tx: null
    proof_type: "BLUEPRINT_4_2_ACTIVATION"
    registry_hash: null
    timestamp: null
    evidence_log: "02_audit_logging/evidence/blockchain/emits/blueprint42_proof.jsonl"
  features:
    - "EIP-1559 gas management"
    - "Non-custodial hash anchoring"
    - "WORM-compliant evidence logging"
    - "DRY_RUN simulation mode"
  compliance:
    - "Hash-only storage (no PII)"
    - "MiCA non-custodial compliant"
    - "GDPR Article 25 (privacy by design)"

quarterly_review_framework:
  version: "2025-Q4"
  manifest: 24_meta_orchestration/registry/manifests/quarterly_review_manifest.yaml
  files:
    - 23_compliance/review/review_template.yaml
    - 23_compliance/review/reviewer_checklist.yaml
    - 23_compliance/review/reviewer_assignments.yaml
    - 23_compliance/review/review_findings.yaml
    - 23_compliance/review/README.md
    - 23_compliance/tests/test_review_templates.py
  checks:
    validator: 23_compliance/tools/validate_quarterly_review.py
    ci_workflow: .github/workflows/quarterly_review_check.yml
  metrics:
    compliance_score: ">=90"
    reviewers_count: ">=4"
  audit:
    jsonl: 02_audit_logging/logs/review_framework.jsonl
    report_md: 23_compliance/reports/review_framework_audit_report.md
  status: active

registry_metadata:
  created: "2025-09-15"
  last_compliance_update: "2025-10-07"
  compliance_version: "2025-Q4"
  next_compliance_review: "2025-12-15"
  registry_status: "active"

checksum: "sha256:placeholder_for_self_integrity"
